
Microsoft Visual Studio Solution File, Format Version 12.00
# Visual Studio 2013
VisualStudioVersion = 12.0.30324.0
MinimumVisualStudioVersion = 10.0.40219.1
Project("{FAE04EC0-301F-11D3-BF4B-00C04F79EFBC}") = "Assembler", "Assembler\Assembler.csproj", "{3CD25779-EC84-48C0-9E0A-512467C64FDB}"
EndProject
Project("{FAE04EC0-301F-11D3-BF4B-00C04F79EFBC}") = "Cmn", "Cmn\Cmn.csproj", "{4EFC8374-D582-489B-89D7-E321F34DE28B}"
EndProject
Project("{FAE04EC0-301F-11D3-BF4B-00C04F79EFBC}") = "VmTranslator", "VmTranslator\VmTranslator.csproj", "{32504A49-454A-49BA-A24A-8D27054DC370}"
EndProject
Project("{FAE04EC0-301F-11D3-BF4B-00C04F79EFBC}") = "Tests", "Tests\Tests.csproj", "{E36DC8DF-94D5-4820-BFBF-8707AAB301CD}"
EndProject
Global
	GlobalSection(SolutionConfigurationPlatforms) = preSolution
		Debug|Any CPU = Debug|Any CPU
		Release|Any CPU = Release|Any CPU
	EndGlobalSection
	GlobalSection(ProjectConfigurationPlatforms) = postSolution
		{3CD25779-EC84-48C0-9E0A-512467C64FDB}.Debug|Any CPU.ActiveCfg = Debug|Any CPU
		{3CD25779-EC84-48C0-9E0A-512467C64FDB}.Debug|Any CPU.Build.0 = Debug|Any CPU
		{3CD25779-EC84-48C0-9E0A-512467C64FDB}.Release|Any CPU.ActiveCfg = Release|Any CPU
		{3CD25779-EC84-48C0-9E0A-512467C64FDB}.Release|Any CPU.Build.0 = Release|Any CPU
		{4EFC8374-D582-489B-89D7-E321F34DE28B}.Debug|Any CPU.ActiveCfg = Debug|Any CPU
		{4EFC8374-D582-489B-89D7-E321F34DE28B}.Debug|Any CPU.Build.0 = Debug|Any CPU
		{4EFC8374-D582-489B-89D7-E321F34DE28B}.Release|Any CPU.ActiveCfg = Release|Any CPU
		{4EFC8374-D582-489B-89D7-E321F34DE28B}.Release|Any CPU.Build.0 = Release|Any CPU
		{32504A49-454A-49BA-A24A-8D27054DC370}.Debug|Any CPU.ActiveCfg = Debug|Any CPU
		{32504A49-454A-49BA-A24A-8D27054DC370}.Debug|Any CPU.Build.0 = Debug|Any CPU
		{32504A49-454A-49BA-A24A-8D27054DC370}.Release|Any CPU.ActiveCfg = Release|Any CPU
		{32504A49-454A-49BA-A24A-8D27054DC370}.Release|Any CPU.Build.0 = Release|Any CPU
		{E36DC8DF-94D5-4820-BFBF-8707AAB301CD}.Debug|Any CPU.ActiveCfg = Debug|Any CPU
		{E36DC8DF-94D5-4820-BFBF-8707AAB301CD}.Debug|Any CPU.Build.0 = Debug|Any CPU
		{E36DC8DF-94D5-4820-BFBF-8707AAB301CD}.Release|Any CPU.ActiveCfg = Release|Any CPU
		{E36DC8DF-94D5-4820-BFBF-8707AAB301CD}.Release|Any CPU.Build.0 = Release|Any CPU
	EndGlobalSection
	GlobalSection(SolutionProperties) = preSolution
		HideSolutionNode = FALSE
	EndGlobalSection
EndGlobal
